// !$*UTF8*$!
{
	archiveVersion = 1;
	classes = {
	};
	objectVersion = 70;
	objects = {

/* Begin PBXBuildFile section */
		563D71962BBEAEE8007E6B28 /* ContentView.swift in Sources */ = {isa = PBXBuildFile; fileRef = 563D71952BBEAEE8007E6B28 /* ContentView.swift */; };
		563D71982BBEAEE9007E6B28 /* Assets.xcassets in Resources */ = {isa = PBXBuildFile; fileRef = 563D71972BBEAEE9007E6B28 /* Assets.xcassets */; };
		563D719B2BBEAEE9007E6B28 /* Preview Assets.xcassets in Resources */ = {isa = PBXBuildFile; fileRef = 563D719A2BBEAEE9007E6B28 /* Preview Assets.xcassets */; };
		563D71A52BBEAEE9007E6B28 /* swiftui_baby_stepsTests.swift in Sources */ = {isa = PBXBuildFile; fileRef = 563D71A42BBEAEE9007E6B28 /* swiftui_baby_stepsTests.swift */; };
		563D71AF2BBEAEE9007E6B28 /* swiftui_baby_stepsUITests.swift in Sources */ = {isa = PBXBuildFile; fileRef = 563D71AE2BBEAEE9007E6B28 /* swiftui_baby_stepsUITests.swift */; };
		563D71B12BBEAEE9007E6B28 /* swiftui_baby_stepsUITestsLaunchTests.swift in Sources */ = {isa = PBXBuildFile; fileRef = 563D71B02BBEAEE9007E6B28 /* swiftui_baby_stepsUITestsLaunchTests.swift */; };
		56FB84752D2972B0002F088D /* Models.swift in Sources */ = {isa = PBXBuildFile; fileRef = 56FB84742D2972B0002F088D /* Models.swift */; };
		56FB84772D2972D4002F088D /* ViewModel.swift in Sources */ = {isa = PBXBuildFile; fileRef = 56FB84762D2972D4002F088D /* ViewModel.swift */; };
/* End PBXBuildFile section */

/* Begin PBXContainerItemProxy section */
		563D71A12BBEAEE9007E6B28 /* PBXContainerItemProxy */ = {
			isa = PBXContainerItemProxy;
			containerPortal = 563D71882BBEAEE8007E6B28 /* Project object */;
			proxyType = 1;
			remoteGlobalIDString = 563D718F2BBEAEE8007E6B28;
			remoteInfo = "swiftui-baby-steps";
		};
		563D71AB2BBEAEE9007E6B28 /* PBXContainerItemProxy */ = {
			isa = PBXContainerItemProxy;
			containerPortal = 563D71882BBEAEE8007E6B28 /* Project object */;
			proxyType = 1;
			remoteGlobalIDString = 563D718F2BBEAEE8007E6B28;
			remoteInfo = "swiftui-baby-steps";
		};
/* End PBXContainerItemProxy section */

/* Begin PBXFileReference section */
		563D71902BBEAEE8007E6B28 /* swiftui-baby-steps.app */ = {isa = PBXFileReference; explicitFileType = wrapper.application; includeInIndex = 0; path = "swiftui-baby-steps.app"; sourceTree = BUILT_PRODUCTS_DIR; };
		563D71952BBEAEE8007E6B28 /* ContentView.swift */ = {isa = PBXFileReference; lastKnownFileType = sourcecode.swift; path = ContentView.swift; sourceTree = "<group>"; };
		563D71972BBEAEE9007E6B28 /* Assets.xcassets */ = {isa = PBXFileReference; lastKnownFileType = folder.assetcatalog; path = Assets.xcassets; sourceTree = "<group>"; };
		563D719A2BBEAEE9007E6B28 /* Preview Assets.xcassets */ = {isa = PBXFileReference; lastKnownFileType = folder.assetcatalog; path = "Preview Assets.xcassets"; sourceTree = "<group>"; };
		563D71A02BBEAEE9007E6B28 /* swiftui-baby-stepsTests.xctest */ = {isa = PBXFileReference; explicitFileType = wrapper.cfbundle; includeInIndex = 0; path = "swiftui-baby-stepsTests.xctest"; sourceTree = BUILT_PRODUCTS_DIR; };
		563D71A42BBEAEE9007E6B28 /* swiftui_baby_stepsTests.swift */ = {isa = PBXFileReference; lastKnownFileType = sourcecode.swift; path = swiftui_baby_stepsTests.swift; sourceTree = "<group>"; };
		563D71AA2BBEAEE9007E6B28 /* swiftui-baby-stepsUITests.xctest */ = {isa = PBXFileReference; explicitFileType = wrapper.cfbundle; includeInIndex = 0; path = "swiftui-baby-stepsUITests.xctest"; sourceTree = BUILT_PRODUCTS_DIR; };
		563D71AE2BBEAEE9007E6B28 /* swiftui_baby_stepsUITests.swift */ = {isa = PBXFileReference; lastKnownFileType = sourcecode.swift; path = swiftui_baby_stepsUITests.swift; sourceTree = "<group>"; };
		563D71B02BBEAEE9007E6B28 /* swiftui_baby_stepsUITestsLaunchTests.swift */ = {isa = PBXFileReference; lastKnownFileType = sourcecode.swift; path = swiftui_baby_stepsUITestsLaunchTests.swift; sourceTree = "<group>"; };
		56FB84742D2972B0002F088D /* Models.swift */ = {isa = PBXFileReference; lastKnownFileType = sourcecode.swift; path = Models.swift; sourceTree = "<group>"; };
		56FB84762D2972D4002F088D /* ViewModel.swift */ = {isa = PBXFileReference; lastKnownFileType = sourcecode.swift; path = ViewModel.swift; sourceTree = "<group>"; };
/* End PBXFileReference section */

/* Begin PBXFileSystemSynchronizedRootGroup section */
		56FB84782D297367002F088D /* Views */ = {isa = PBXFileSystemSynchronizedRootGroup; explicitFileTypes = {}; explicitFolders = (); path = Views; sourceTree = "<group>"; };
/* End PBXFileSystemSynchronizedRootGroup section */

/* Begin PBXFrameworksBuildPhase section */
		563D718D2BBEAEE8007E6B28 /* Frameworks */ = {
			isa = PBXFrameworksBuildPhase;
			buildActionMask = 2147483647;
			files = (
			);
			runOnlyForDeploymentPostprocessing = 0;
		};
		563D719D2BBEAEE9007E6B28 /* Frameworks */ = {
			isa = PBXFrameworksBuildPhase;
			buildActionMask = 2147483647;
			files = (
			);
			runOnlyForDeploymentPostprocessing = 0;
		};
		563D71A72BBEAEE9007E6B28 /* Frameworks */ = {
			isa = PBXFrameworksBuildPhase;
			buildActionMask = 2147483647;
			files = (
			);
			runOnlyForDeploymentPostprocessing = 0;
		};
/* End PBXFrameworksBuildPhase section */

/* Begin PBXGroup section */
		563D71872BBEAEE8007E6B28 = {
			isa = PBXGroup;
			children = (
				563D71922BBEAEE8007E6B28 /* swiftui-baby-steps */,
				563D71A32BBEAEE9007E6B28 /* swiftui-baby-stepsTests */,
				563D71AD2BBEAEE9007E6B28 /* swiftui-baby-stepsUITests */,
				563D71912BBEAEE8007E6B28 /* Products */,
			);
			sourceTree = "<group>";
		};
		563D71912BBEAEE8007E6B28 /* Products */ = {
			isa = PBXGroup;
			children = (
				563D71902BBEAEE8007E6B28 /* swiftui-baby-steps.app */,
				563D71A02BBEAEE9007E6B28 /* swiftui-baby-stepsTests.xctest */,
				563D71AA2BBEAEE9007E6B28 /* swiftui-baby-stepsUITests.xctest */,
			);
			name = Products;
			sourceTree = "<group>";
		};
		563D71922BBEAEE8007E6B28 /* swiftui-baby-steps */ = {
			isa = PBXGroup;
			children = (
				56FB84782D297367002F088D /* Views */,
				563D71972BBEAEE9007E6B28 /* Assets.xcassets */,
				563D71952BBEAEE8007E6B28 /* ContentView.swift */,
				56FB84742D2972B0002F088D /* Models.swift */,
				56FB84762D2972D4002F088D /* ViewModel.swift */,
				563D71992BBEAEE9007E6B28 /* Preview Content */,
			);
			path = "swiftui-baby-steps";
			sourceTree = "<group>";
		};
		563D71992BBEAEE9007E6B28 /* Preview Content */ = {
			isa = PBXGroup;
			children = (
				563D719A2BBEAEE9007E6B28 /* Preview Assets.xcassets */,
			);
			path = "Preview Content";
			sourceTree = "<group>";
		};
		563D71A32BBEAEE9007E6B28 /* swiftui-baby-stepsTests */ = {
			isa = PBXGroup;
			children = (
				563D71A42BBEAEE9007E6B28 /* swiftui_baby_stepsTests.swift */,
			);
			path = "swiftui-baby-stepsTests";
			sourceTree = "<group>";
		};
		563D71AD2BBEAEE9007E6B28 /* swiftui-baby-stepsUITests */ = {
			isa = PBXGroup;
			children = (
				563D71AE2BBEAEE9007E6B28 /* swiftui_baby_stepsUITests.swift */,
				563D71B02BBEAEE9007E6B28 /* swiftui_baby_stepsUITestsLaunchTests.swift */,
			);
			path = "swiftui-baby-stepsUITests";
			sourceTree = "<group>";
		};
/* End PBXGroup section */

/* Begin PBXNativeTarget section */
		563D718F2BBEAEE8007E6B28 /* swiftui-baby-steps */ = {
			isa = PBXNativeTarget;
			buildConfigurationList = 563D71B42BBEAEE9007E6B28 /* Build configuration list for PBXNativeTarget "swiftui-baby-steps" */;
			buildPhases = (
				563D718C2BBEAEE8007E6B28 /* Sources */,
				563D718D2BBEAEE8007E6B28 /* Frameworks */,
				563D718E2BBEAEE8007E6B28 /* Resources */,
			);
			buildRules = (
			);
			dependencies = (
			);
			fileSystemSynchronizedGroups = (
				56FB84782D297367002F088D /* Views */,
			);
			name = "swiftui-baby-steps";
			productName = "swiftui-baby-steps";
			productReference = 563D71902BBEAEE8007E6B28 /* swiftui-baby-steps.app */;
			productType = "com.apple.product-type.application";
		};
		563D719F2BBEAEE9007E6B28 /* swiftui-baby-stepsTests */ = {
			isa = PBXNativeTarget;
			buildConfigurationList = 563D71B72BBEAEE9007E6B28 /* Build configuration list for PBXNativeTarget "swiftui-baby-stepsTests" */;
			buildPhases = (
				563D719C2BBEAEE9007E6B28 /* Sources */,
				563D719D2BBEAEE9007E6B28 /* Frameworks */,
				563D719E2BBEAEE9007E6B28 /* Resources */,
			);
			buildRules = (
			);
			dependencies = (
				563D71A22BBEAEE9007E6B28 /* PBXTargetDependency */,
			);
			name = "swiftui-baby-stepsTests";
			productName = "swiftui-baby-stepsTests";
			productReference = 563D71A02BBEAEE9007E6B28 /* swiftui-baby-stepsTests.xctest */;
			productType = "com.apple.product-type.bundle.unit-test";
		};
		563D71A92BBEAEE9007E6B28 /* swiftui-baby-stepsUITests */ = {
			isa = PBXNativeTarget;
			buildConfigurationList = 563D71BA2BBEAEE9007E6B28 /* Build configuration list for PBXNativeTarget "swiftui-baby-stepsUITests" */;
			buildPhases = (
				563D71A62BBEAEE9007E6B28 /* Sources */,
				563D71A72BBEAEE9007E6B28 /* Frameworks */,
				563D71A82BBEAEE9007E6B28 /* Resources */,
			);
			buildRules = (
			);
			dependencies = (
				563D71AC2BBEAEE9007E6B28 /* PBXTargetDependency */,
			);
			name = "swiftui-baby-stepsUITests";
			productName = "swiftui-baby-stepsUITests";
			productReference = 563D71AA2BBEAEE9007E6B28 /* swiftui-baby-stepsUITests.xctest */;
			productType = "com.apple.product-type.bundle.ui-testing";
		};
/* End PBXNativeTarget section */

/* Begin PBXProject section */
		563D71882BBEAEE8007E6B28 /* Project object */ = {
			isa = PBXProject;
			attributes = {
				BuildIndependentTargetsInParallel = 1;
				LastSwiftUpdateCheck = 1520;
				LastUpgradeCheck = 1520;
				TargetAttributes = {
					563D718F2BBEAEE8007E6B28 = {
						CreatedOnToolsVersion = 15.2;
					};
					563D719F2BBEAEE9007E6B28 = {
						CreatedOnToolsVersion = 15.2;
						TestTargetID = 563D718F2BBEAEE8007E6B28;
					};
					563D71A92BBEAEE9007E6B28 = {
						CreatedOnToolsVersion = 15.2;
						TestTargetID = 563D718F2BBEAEE8007E6B28;
					};
				};
			};
			buildConfigurationList = 563D718B2BBEAEE8007E6B28 /* Build configuration list for PBXProject "swiftui-baby-steps" */;
			compatibilityVersion = "Xcode 14.0";
			developmentRegion = en;
			hasScannedForEncodings = 0;
			knownRegions = (
				en,
				Base,
			);
			mainGroup = 563D71872BBEAEE8007E6B28;
			packageReferences = (
			);
			productRefGroup = 563D71912BBEAEE8007E6B28 /* Products */;
			projectDirPath = "";
			projectRoot = "";
			targets = (
				563D718F2BBEAEE8007E6B28 /* swiftui-baby-steps */,
				563D719F2BBEAEE9007E6B28 /* swiftui-baby-stepsTests */,
				563D71A92BBEAEE9007E6B28 /* swiftui-baby-stepsUITests */,
			);
		};
/* End PBXProject section */

/* Begin PBXResourcesBuildPhase section */
		563D718E2BBEAEE8007E6B28 /* Resources */ = {
			isa = PBXResourcesBuildPhase;
			buildActionMask = 2147483647;
			files = (
				563D719B2BBEAEE9007E6B28 /* Preview Assets.xcassets in Resources */,
				563D71982BBEAEE9007E6B28 /* Assets.xcassets in Resources */,
			);
			runOnlyForDeploymentPostprocessing = 0;
		};
		563D719E2BBEAEE9007E6B28 /* Resources */ = {
			isa = PBXResourcesBuildPhase;
			buildActionMask = 2147483647;
			files = (
			);
			runOnlyForDeploymentPostprocessing = 0;
		};
		563D71A82BBEAEE9007E6B28 /* Resources */ = {
			isa = PBXResourcesBuildPhase;
			buildActionMask = 2147483647;
			files = (
			);
			runOnlyForDeploymentPostprocessing = 0;
		};
/* End PBXResourcesBuildPhase section */

/* Begin PBXSourcesBuildPhase section */
		563D718C2BBEAEE8007E6B28 /* Sources */ = {
			isa = PBXSourcesBuildPhase;
			buildActionMask = 2147483647;
			files = (
				563D71962BBEAEE8007E6B28 /* ContentView.swift in Sources */,
				56FB84772D2972D4002F088D /* ViewModel.swift in Sources */,
				56FB84752D2972B0002F088D /* Models.swift in Sources */,
			);
			runOnlyForDeploymentPostprocessing = 0;
		};
		563D719C2BBEAEE9007E6B28 /* Sources */ = {
			isa = PBXSourcesBuildPhase;
			buildActionMask = 2147483647;
			files = (
				563D71A52BBEAEE9007E6B28 /* swiftui_baby_stepsTests.swift in Sources */,
			);
			runOnlyForDeploymentPostprocessing = 0;
		};
		563D71A62BBEAEE9007E6B28 /* Sources */ = {
			isa = PBXSourcesBuildPhase;
			buildActionMask = 2147483647;
			files = (
				563D71B12BBEAEE9007E6B28 /* swiftui_baby_stepsUITestsLaunchTests.swift in Sources */,
				563D71AF2BBEAEE9007E6B28 /* swiftui_baby_stepsUITests.swift in Sources */,
			);
			runOnlyForDeploymentPostprocessing = 0;
		};
/* End PBXSourcesBuildPhase section */

/* Begin PBXTargetDependency section */
		563D71A22BBEAEE9007E6B28 /* PBXTargetDependency */ = {
			isa = PBXTargetDependency;
			target = 563D718F2BBEAEE8007E6B28 /* swiftui-baby-steps */;
			targetProxy = 563D71A12BBEAEE9007E6B28 /* PBXContainerItemProxy */;
		};
		563D71AC2BBEAEE9007E6B28 /* PBXTargetDependency */ = {
			isa = PBXTargetDependency;
			target = 563D718F2BBEAEE8007E6B28 /* swiftui-baby-steps */;
			targetProxy = 563D71AB2BBEAEE9007E6B28 /* PBXContainerItemProxy */;
		};
/* End PBXTargetDependency section */

/* Begin XCBuildConfiguration section */
		563D71B22BBEAEE9007E6B28 /* Debug */ = {
			isa = XCBuildConfiguration;
			buildSettings = {
				ALWAYS_SEARCH_USER_PATHS = NO;
				ASSETCATALOG_COMPILER_GENERATE_SWIFT_ASSET_SYMBOL_EXTENSIONS = YES;
				CLANG_ANALYZER_NONNULL = YES;
				CLANG_ANALYZER_NUMBER_OBJECT_CONVERSION = YES_AGGRESSIVE;
				CLANG_CXX_LANGUAGE_STANDARD = "gnu++20";
				CLANG_ENABLE_MODULES = YES;
				CLANG_ENABLE_OBJC_ARC = YES;
				CLANG_ENABLE_OBJC_WEAK = YES;
				CLANG_WARN_BLOCK_CAPTURE_AUTORELEASING = YES;
				CLANG_WARN_BOOL_CONVERSION = YES;
				CLANG_WARN_COMMA = YES;
				CLANG_WARN_CONSTANT_CONVERSION = YES;
				CLANG_WARN_DEPRECATED_OBJC_IMPLEMENTATIONS = YES;
				CLANG_WARN_DIRECT_OBJC_ISA_USAGE = YES_ERROR;
				CLANG_WARN_DOCUMENTATION_COMMENTS = YES;
				CLANG_WARN_EMPTY_BODY = YES;
				CLANG_WARN_ENUM_CONVERSION = YES;
				CLANG_WARN_INFINITE_RECURSION = YES;
				CLANG_WARN_INT_CONVERSION = YES;
				CLANG_WARN_NON_LITERAL_NULL_CONVERSION = YES;
				CLANG_WARN_OBJC_IMPLICIT_RETAIN_SELF = YES;
				CLANG_WARN_OBJC_LITERAL_CONVERSION = YES;
				CLANG_WARN_OBJC_ROOT_CLASS = YES_ERROR;
				CLANG_WARN_QUOTED_INCLUDE_IN_FRAMEWORK_HEADER = YES;
				CLANG_WARN_RANGE_LOOP_ANALYSIS = YES;
				CLANG_WARN_STRICT_PROTOTYPES = YES;
				CLANG_WARN_SUSPICIOUS_MOVE = YES;
				CLANG_WARN_UNGUARDED_AVAILABILITY = YES_AGGRESSIVE;
				CLANG_WARN_UNREACHABLE_CODE = YES;
				CLANG_WARN__DUPLICATE_METHOD_MATCH = YES;
				COPY_PHASE_STRIP = NO;
				DEBUG_INFORMATION_FORMAT = dwarf;
				ENABLE_STRICT_OBJC_MSGSEND = YES;
				ENABLE_TESTABILITY = YES;
				ENABLE_USER_SCRIPT_SANDBOXING = YES;
				GCC_C_LANGUAGE_STANDARD = gnu17;
				GCC_DYNAMIC_NO_PIC = NO;
				GCC_NO_COMMON_BLOCKS = YES;
				GCC_OPTIMIZATION_LEVEL = 0;
				GCC_PREPROCESSOR_DEFINITIONS = (
					"DEBUG=1",
					"$(inherited)",
				);
				GCC_WARN_64_TO_32_BIT_CONVERSION = YES;
				GCC_WARN_ABOUT_RETURN_TYPE = YES_ERROR;
				GCC_WARN_UNDECLARED_SELECTOR = YES;
				GCC_WARN_UNINITIALIZED_AUTOS = YES_AGGRESSIVE;
				GCC_WARN_UNUSED_FUNCTION = YES;
				GCC_WARN_UNUSED_VARIABLE = YES;
				IPHONEOS_DEPLOYMENT_TARGET = 17.2;
				LOCALIZATION_PREFERS_STRING_CATALOGS = YES;
				MTL_ENABLE_DEBUG_INFO = INCLUDE_SOURCE;
				MTL_FAST_MATH = YES;
				ONLY_ACTIVE_ARCH = YES;
				SDKROOT = iphoneos;
				SWIFT_ACTIVE_COMPILATION_CONDITIONS = "DEBUG $(inherited)";
				SWIFT_OPTIMIZATION_LEVEL = "-Onone";
			};
			name = Debug;
		};
		563D71B32BBEAEE9007E6B28 /* Release */ = {
			isa = XCBuildConfiguration;
			buildSettings = {
				ALWAYS_SEARCH_USER_PATHS = NO;
				ASSETCATALOG_COMPILER_GENERATE_SWIFT_ASSET_SYMBOL_EXTENSIONS = YES;
				CLANG_ANALYZER_NONNULL = YES;
				CLANG_ANALYZER_NUMBER_OBJECT_CONVERSION = YES_AGGRESSIVE;
				CLANG_CXX_LANGUAGE_STANDARD = "gnu++20";
				CLANG_ENABLE_MODULES = YES;
				CLANG_ENABLE_OBJC_ARC = YES;
				CLANG_ENABLE_OBJC_WEAK = YES;
				CLANG_WARN_BLOCK_CAPTURE_AUTORELEASING = YES;
				CLANG_WARN_BOOL_CONVERSION = YES;
				CLANG_WARN_COMMA = YES;
				CLANG_WARN_CONSTANT_CONVERSION = YES;
				CLANG_WARN_DEPRECATED_OBJC_IMPLEMENTATIONS = YES;
				CLANG_WARN_DIRECT_OBJC_ISA_USAGE = YES_ERROR;
				CLANG_WARN_DOCUMENTATION_COMMENTS = YES;
				CLANG_WARN_EMPTY_BODY = YES;
				CLANG_WARN_ENUM_CONVERSION = YES;
				CLANG_WARN_INFINITE_RECURSION = YES;
				CLANG_WARN_INT_CONVERSION = YES;
				CLANG_WARN_NON_LITERAL_NULL_CONVERSION = YES;
				CLANG_WARN_OBJC_IMPLICIT_RETAIN_SELF = YES;
				CLANG_WARN_OBJC_LITERAL_CONVERSION = YES;
				CLANG_WARN_OBJC_ROOT_CLASS = YES_ERROR;
				CLANG_WARN_QUOTED_INCLUDE_IN_FRAMEWORK_HEADER = YES;
				CLANG_WARN_RANGE_LOOP_ANALYSIS = YES;
				CLANG_WARN_STRICT_PROTOTYPES = YES;
				CLANG_WARN_SUSPICIOUS_MOVE = YES;
				CLANG_WARN_UNGUARDED_AVAILABILITY = YES_AGGRESSIVE;
				CLANG_WARN_UNREACHABLE_CODE = YES;
				CLANG_WARN__DUPLICATE_METHOD_MATCH = YES;
				COPY_PHASE_STRIP = NO;
				DEBUG_INFORMATION_FORMAT = "dwarf-with-dsym";
				ENABLE_NS_ASSERTIONS = NO;
				ENABLE_STRICT_OBJC_MSGSEND = YES;
				ENABLE_USER_SCRIPT_SANDBOXING = YES;
				GCC_C_LANGUAGE_STANDARD = gnu17;
				GCC_NO_COMMON_BLOCKS = YES;
				GCC_WARN_64_TO_32_BIT_CONVERSION = YES;
				GCC_WARN_ABOUT_RETURN_TYPE = YES_ERROR;
				GCC_WARN_UNDECLARED_SELECTOR = YES;
				GCC_WARN_UNINITIALIZED_AUTOS = YES_AGGRESSIVE;
				GCC_WARN_UNUSED_FUNCTION = YES;
				GCC_WARN_UNUSED_VARIABLE = YES;
				IPHONEOS_DEPLOYMENT_TARGET = 17.2;
				LOCALIZATION_PREFERS_STRING_CATALOGS = YES;
				MTL_ENABLE_DEBUG_INFO = NO;
				MTL_FAST_MATH = YES;
				SDKROOT = iphoneos;
				SWIFT_COMPILATION_MODE = wholemodule;
				VALIDATE_PRODUCT = YES;
			};
			name = Release;
		};
		563D71B52BBEAEE9007E6B28 /* Debug */ = {
			isa = XCBuildConfiguration;
			buildSettings = {
				ASSETCATALOG_COMPILER_APPICON_NAME = AppIcon;
				ASSETCATALOG_COMPILER_GLOBAL_ACCENT_COLOR_NAME = AccentColor;
				CODE_SIGN_STYLE = Automatic;
				CURRENT_PROJECT_VERSION = 1;
				DEVELOPMENT_ASSET_PATHS = "\"swiftui-baby-steps/Preview Content\"";
				DEVELOPMENT_TEAM = N7L8ZZNQC2;
				ENABLE_PREVIEWS = YES;
				GENERATE_INFOPLIST_FILE = YES;
				INFOPLIST_KEY_UIApplicationSceneManifest_Generation = YES;
				INFOPLIST_KEY_UIApplicationSupportsIndirectInputEvents = YES;
				INFOPLIST_KEY_UILaunchScreen_Generation = YES;
				INFOPLIST_KEY_UISupportedInterfaceOrientations_iPad = "UIInterfaceOrientationPortrait UIInterfaceOrientationPortraitUpsideDown UIInterfaceOrientationLandscapeLeft UIInterfaceOrientationLandscapeRight";
				INFOPLIST_KEY_UISupportedInterfaceOrientations_iPhone = "UIInterfaceOrientationPortrait UIInterfaceOrientationLandscapeLeft UIInterfaceOrientationLandscapeRight";
				LD_RUNPATH_SEARCH_PATHS = (
					"$(inherited)",
					"@executable_path/Frameworks",
				);
				MARKETING_VERSION = 1.0;
				PRODUCT_BUNDLE_IDENTIFIER = "egeseckin.swiftui-baby-steps";
				PRODUCT_NAME = "$(TARGET_NAME)";
				SWIFT_EMIT_LOC_STRINGS = YES;
				SWIFT_VERSION = 5.0;
				TARGETED_DEVICE_FAMILY = "1,2";
			};
			name = Debug;
		};
		563D71B62BBEAEE9007E6B28 /* Release */ = {
			isa = XCBuildConfiguration;
			buildSettings = {
				ASSETCATALOG_COMPILER_APPICON_NAME = AppIcon;
				ASSETCATALOG_COMPILER_GLOBAL_ACCENT_COLOR_NAME = AccentColor;
				CODE_SIGN_STYLE = Automatic;
				CURRENT_PROJECT_VERSION = 1;
				DEVELOPMENT_ASSET_PATHS = "\"swiftui-baby-steps/Preview Content\"";
				DEVELOPMENT_TEAM = N7L8ZZNQC2;
				ENABLE_PREVIEWS = YES;
				GENERATE_INFOPLIST_FILE = YES;
				INFOPLIST_KEY_UIApplicationSceneManifest_Generation = YES;
				INFOPLIST_KEY_UIApplicationSupportsIndirectInputEvents = YES;
				INFOPLIST_KEY_UILaunchScreen_Generation = YES;
				INFOPLIST_KEY_UISupportedInterfaceOrientations_iPad = "UIInterfaceOrientationPortrait UIInterfaceOrientationPortraitUpsideDown UIInterfaceOrientationLandscapeLeft UIInterfaceOrientationLandscapeRight";
				INFOPLIST_KEY_UISupportedInterfaceOrientations_iPhone = "UIInterfaceOrientationPortrait UIInterfaceOrientationLandscapeLeft UIInterfaceOrientationLandscapeRight";
				LD_RUNPATH_SEARCH_PATHS = (
					"$(inherited)",
					"@executable_path/Frameworks",
				);
				MARKETING_VERSION = 1.0;
				PRODUCT_BUNDLE_IDENTIFIER = "egeseckin.swiftui-baby-steps";
				PRODUCT_NAME = "$(TARGET_NAME)";
				SWIFT_EMIT_LOC_STRINGS = YES;
				SWIFT_VERSION = 5.0;
				TARGETED_DEVICE_FAMILY = "1,2";
			};
			name = Release;
		};
		563D71B82BBEAEE9007E6B28 /* Debug */ = {
			isa = XCBuildConfiguration;
			buildSettings = {
				ALWAYS_EMBED_SWIFT_STANDARD_LIBRARIES = YES;
				BUNDLE_LOADER = "$(TEST_HOST)";
				CODE_SIGN_STYLE = Automatic;
				CURRENT_PROJECT_VERSION = 1;
				DEVELOPMENT_TEAM = N7L8ZZNQC2;
				GENERATE_INFOPLIST_FILE = YES;
				IPHONEOS_DEPLOYMENT_TARGET = 17.2;
				MARKETING_VERSION = 1.0;
				PRODUCT_BUNDLE_IDENTIFIER = "egeseckin.swiftui-baby-stepsTests";
				PRODUCT_NAME = "$(TARGET_NAME)";
				SWIFT_EMIT_LOC_STRINGS = NO;
				SWIFT_VERSION = 5.0;
				TARGETED_DEVICE_FAMILY = "1,2";
				TEST_HOST = "$(BUILT_PRODUCTS_DIR)/swiftui-baby-steps.app/$(BUNDLE_EXECUTABLE_FOLDER_PATH)/swiftui-baby-steps";
			};
			name = Debug;
		};
		563D71B92BBEAEE9007E6B28 /* Release */ = {
			isa = XCBuildConfiguration;
			buildSettings = {
				ALWAYS_EMBED_SWIFT_STANDARD_LIBRARIES = YES;
				BUNDLE_LOADER = "$(TEST_HOST)";
				CODE_SIGN_STYLE = Automatic;
				CURRENT_PROJECT_VERSION = 1;
				DEVELOPMENT_TEAM = N7L8ZZNQC2;
				GENERATE_INFOPLIST_FILE = YES;
				IPHONEOS_DEPLOYMENT_TARGET = 17.2;
				MARKETING_VERSION = 1.0;
				PRODUCT_BUNDLE_IDENTIFIER = "egeseckin.swiftui-baby-stepsTests";
				PRODUCT_NAME = "$(TARGET_NAME)";
				SWIFT_EMIT_LOC_STRINGS = NO;
				SWIFT_VERSION = 5.0;
				TARGETED_DEVICE_FAMILY = "1,2";
				TEST_HOST = "$(BUILT_PRODUCTS_DIR)/swiftui-baby-steps.app/$(BUNDLE_EXECUTABLE_FOLDER_PATH)/swiftui-baby-steps";
			};
			name = Release;
		};
		563D71BB2BBEAEE9007E6B28 /* Debug */ = {
			isa = XCBuildConfiguration;
			buildSettings = {
				ALWAYS_EMBED_SWIFT_STANDARD_LIBRARIES = YES;
				CODE_SIGN_STYLE = Automatic;
				CURRENT_PROJECT_VERSION = 1;
				DEVELOPMENT_TEAM = N7L8ZZNQC2;
				GENERATE_INFOPLIST_FILE = YES;
				MARKETING_VERSION = 1.0;
				PRODUCT_BUNDLE_IDENTIFIER = "egeseckin.swiftui-baby-stepsUITests";
				PRODUCT_NAME = "$(TARGET_NAME)";
				SWIFT_EMIT_LOC_STRINGS = NO;
				SWIFT_VERSION = 5.0;
				TARGETED_DEVICE_FAMILY = "1,2";
				TEST_TARGET_NAME = "swiftui-baby-steps";
			};
			name = Debug;
		};
		563D71BC2BBEAEE9007E6B28 /* Release */ = {
			isa = XCBuildConfiguration;
			buildSettings = {
				ALWAYS_EMBED_SWIFT_STANDARD_LIBRARIES = YES;
				CODE_SIGN_STYLE = Automatic;
				CURRENT_PROJECT_VERSION = 1;
				DEVELOPMENT_TEAM = N7L8ZZNQC2;
				GENERATE_INFOPLIST_FILE = YES;
				MARKETING_VERSION = 1.0;
				PRODUCT_BUNDLE_IDENTIFIER = "egeseckin.swiftui-baby-stepsUITests";
				PRODUCT_NAME = "$(TARGET_NAME)";
				SWIFT_EMIT_LOC_STRINGS = NO;
				SWIFT_VERSION = 5.0;
				TARGETED_DEVICE_FAMILY = "1,2";
				TEST_TARGET_NAME = "swiftui-baby-steps";
			};
			name = Release;
		};
/* End XCBuildConfiguration section */

/* Begin XCConfigurationList section */
		563D718B2BBEAEE8007E6B28 /* Build configuration list for PBXProject "swiftui-baby-steps" */ = {
			isa = XCConfigurationList;
			buildConfigurations = (
				563D71B22BBEAEE9007E6B28 /* Debug */,
				563D71B32BBEAEE9007E6B28 /* Release */,
			);
			defaultConfigurationIsVisible = 0;
			defaultConfigurationName = Release;
		};
		563D71B42BBEAEE9007E6B28 /* Build configuration list for PBXNativeTarget "swiftui-baby-steps" */ = {
			isa = XCConfigurationList;
			buildConfigurations = (
				563D71B52BBEAEE9007E6B28 /* Debug */,
				563D71B62BBEAEE9007E6B28 /* Release */,
			);
			defaultConfigurationIsVisible = 0;
			defaultConfigurationName = Release;
		};
		563D71B72BBEAEE9007E6B28 /* Build configuration list for PBXNativeTarget "swiftui-baby-stepsTests" */ = {
			isa = XCConfigurationList;
			buildConfigurations = (
				563D71B82BBEAEE9007E6B28 /* Debug */,
				563D71B92BBEAEE9007E6B28 /* Release */,
			);
			defaultConfigurationIsVisible = 0;
			defaultConfigurationName = Release;
		};
		563D71BA2BBEAEE9007E6B28 /* Build configuration list for PBXNativeTarget "swiftui-baby-stepsUITests" */ = {
			isa = XCConfigurationList;
			buildConfigurations = (
				563D71BB2BBEAEE9007E6B28 /* Debug */,
				563D71BC2BBEAEE9007E6B28 /* Release */,
			);
			defaultConfigurationIsVisible = 0;
			defaultConfigurationName = Release;
		};
/* End XCConfigurationList section */
	};
	rootObject = 563D71882BBEAEE8007E6B28 /* Project object */;
}
